{
  "name": "em-sdk",
  "version": "24.0.11",
  "lockfileVersion": 2,
  "requires": true,
  "packages": {
    "": {
      "name": "em-sdk",
      "version": "24.0.11",
      "dependencies": {
        "gcc-arm": "https://storage.googleapis.com/npm.openem.org/gcc-arm-10.3.1.tgz",
        "segger-arm": "https://storage.googleapis.com/npm.openem.org/segger-arm-6.30.0.tgz",
        "srecord": "https://storage.googleapis.com/npm.openem.org/srecord-1.65.0.tgz",
        "ti-uniflash": "https://storage.googleapis.com/npm.openem.org/ti-uniflash-8.5.0.tgz"
      }
    },
    "node_modules/adm-zip": {
      "version": "0.5.7",
      "resolved": "https://registry.npmjs.org/adm-zip/-/adm-zip-0.5.7.tgz",
      "integrity": "sha512-QLEo3eoC2B0i3+g/G5nNzKbGoVOjW2ingZ4TXl7/YeDM+FAl3SiHSNnokTZLFEuVHBn5CbZ42KJcIIsRji1EgQ==",
      "engines": {
        "node": ">=6.0"
      }
    },
    "node_modules/gcc-arm": {
      "version": "10.3.1",
      "resolved": "https://storage.googleapis.com/npm.openem.org/gcc-arm-10.3.1.tgz",
      "integrity": "sha512-0WVonh0YV7YwrL0lgWWph7oB3qbEd0nlZQQfHQ1jkh4rzoFrsJf8zAety6eQHnMfN8bEJv0e0Yg0+OUBbhGJRA==",
      "hasInstallScript": true,
      "dependencies": {
        "adm-zip": "0.5.7"
      }
    },
    "node_modules/segger-arm": {
      "version": "6.30.0",
      "resolved": "https://storage.googleapis.com/npm.openem.org/segger-arm-6.30.0.tgz",
      "integrity": "sha512-JPDIj0mtqAfVdqWnH/U6V2pV6JgGHOTSXCnrA8MGKa/8RHiVS9HL4s+j4YYZFlxbQwTD9f0tuNegtuYxcMUwFQ==",
      "hasInstallScript": true,
      "dependencies": {
        "adm-zip": "0.5.7"
      }
    },
    "node_modules/srecord": {
      "version": "1.65.0",
      "resolved": "https://storage.googleapis.com/npm.openem.org/srecord-1.65.0.tgz",
      "integrity": "sha512-J5kzKglXHEQvis56VpE/xjFskYoXrK0MdT2lnpdSAvz6eOqKuQ2w9k/RyNPNPtmlw1goRpaw7xcXytDrlmxhgA==",
      "hasInstallScript": true,
      "dependencies": {
        "adm-zip": "0.5.7"
      }
    },
    "node_modules/ti-uniflash": {
      "version": "8.5.0",
      "resolved": "https://storage.googleapis.com/npm.openem.org/ti-uniflash-8.5.0.tgz",
      "integrity": "sha512-pcChc2+xK9al8SupM/ud7ZSp5OcMSfSOwEnJYA/90aPuUFGbbxbHrL3+vTzDdm+l/5sgvd+4XOjM8Vxgc8WC8g==",
      "hasInstallScript": true,
      "dependencies": {
        "adm-zip": "0.5.7"
      }
    }
  },
  "dependencies": {
    "adm-zip": {
      "version": "0.5.7",
      "resolved": "https://registry.npmjs.org/adm-zip/-/adm-zip-0.5.7.tgz",
      "integrity": "sha512-QLEo3eoC2B0i3+g/G5nNzKbGoVOjW2ingZ4TXl7/YeDM+FAl3SiHSNnokTZLFEuVHBn5CbZ42KJcIIsRji1EgQ=="
    },
    "gcc-arm": {
      "version": "https://storage.googleapis.com/npm.openem.org/gcc-arm-10.3.1.tgz",
      "integrity": "sha512-0WVonh0YV7YwrL0lgWWph7oB3qbEd0nlZQQfHQ1jkh4rzoFrsJf8zAety6eQHnMfN8bEJv0e0Yg0+OUBbhGJRA==",
      "requires": {
        "adm-zip": "0.5.7"
      }
    },
    "segger-arm": {
      "version": "https://storage.googleapis.com/npm.openem.org/segger-arm-6.30.0.tgz",
      "integrity": "sha512-JPDIj0mtqAfVdqWnH/U6V2pV6JgGHOTSXCnrA8MGKa/8RHiVS9HL4s+j4YYZFlxbQwTD9f0tuNegtuYxcMUwFQ==",
      "requires": {
        "adm-zip": "0.5.7"
      }
    },
    "srecord": {
      "version": "https://storage.googleapis.com/npm.openem.org/srecord-1.65.0.tgz",
      "integrity": "sha512-J5kzKglXHEQvis56VpE/xjFskYoXrK0MdT2lnpdSAvz6eOqKuQ2w9k/RyNPNPtmlw1goRpaw7xcXytDrlmxhgA==",
      "requires": {
        "adm-zip": "0.5.7"
      }
    },
    "ti-uniflash": {
      "version": "https://storage.googleapis.com/npm.openem.org/ti-uniflash-8.5.0.tgz",
      "integrity": "sha512-pcChc2+xK9al8SupM/ud7ZSp5OcMSfSOwEnJYA/90aPuUFGbbxbHrL3+vTzDdm+l/5sgvd+4XOjM8Vxgc8WC8g==",
      "requires": {
        "adm-zip": "0.5.7"
      }
    }
  }
}
